// !$*UTF8*$!
{
	archiveVersion = 1;
	classes = {
	};
	objectVersion = 56;
	objects = {

/* Begin PBXBuildFile section */
		8BA2E7462B1F8E3300AC471D /* AppDelegate.swift in Sources */ = {isa = PBXBuildFile; fileRef = 8BA2E7452B1F8E3300AC471D /* AppDelegate.swift */; };
		8BA2E7482B1F8E3300AC471D /* GameScene.sks in Resources */ = {isa = PBXBuildFile; fileRef = 8BA2E7472B1F8E3300AC471D /* GameScene.sks */; };
		8BA2E74A2B1F8E3300AC471D /* Actions.sks in Resources */ = {isa = PBXBuildFile; fileRef = 8BA2E7492B1F8E3300AC471D /* Actions.sks */; };
		8BA2E74C2B1F8E3300AC471D /* GameScene.swift in Sources */ = {isa = PBXBuildFile; fileRef = 8BA2E74B2B1F8E3300AC471D /* GameScene.swift */; };
		8BA2E74E2B1F8E3300AC471D /* GameViewController.swift in Sources */ = {isa = PBXBuildFile; fileRef = 8BA2E74D2B1F8E3300AC471D /* GameViewController.swift */; };
		8BA2E7512B1F8E3300AC471D /* Main.storyboard in Resources */ = {isa = PBXBuildFile; fileRef = 8BA2E74F2B1F8E3300AC471D /* Main.storyboard */; };
		8BA2E7532B1F8E3400AC471D /* Assets.xcassets in Resources */ = {isa = PBXBuildFile; fileRef = 8BA2E7522B1F8E3400AC471D /* Assets.xcassets */; };
		8BA2E7562B1F8E3400AC471D /* LaunchScreen.storyboard in Resources */ = {isa = PBXBuildFile; fileRef = 8BA2E7542B1F8E3400AC471D /* LaunchScreen.storyboard */; };
		8BA2E7602B1F8E3400AC471D /* SaintSantoGamesTests.swift in Sources */ = {isa = PBXBuildFile; fileRef = 8BA2E75F2B1F8E3400AC471D /* SaintSantoGamesTests.swift */; };
		8BA2E76A2B1F8E3400AC471D /* SaintSantoGamesUITests.swift in Sources */ = {isa = PBXBuildFile; fileRef = 8BA2E7692B1F8E3400AC471D /* SaintSantoGamesUITests.swift */; };
		8BA2E76C2B1F8E3400AC471D /* SaintSantoGamesUITestsLaunchTests.swift in Sources */ = {isa = PBXBuildFile; fileRef = 8BA2E76B2B1F8E3400AC471D /* SaintSantoGamesUITestsLaunchTests.swift */; };
/* End PBXBuildFile section */

/* Begin PBXContainerItemProxy section */
		8BA2E75C2B1F8E3400AC471D /* PBXContainerItemProxy */ = {
			isa = PBXContainerItemProxy;
			containerPortal = 8BA2E73A2B1F8E3300AC471D /* Project object */;
			proxyType = 1;
			remoteGlobalIDString = 8BA2E7412B1F8E3300AC471D;
			remoteInfo = SaintSantoGames;
		};
		8BA2E7662B1F8E3400AC471D /* PBXContainerItemProxy */ = {
			isa = PBXContainerItemProxy;
			containerPortal = 8BA2E73A2B1F8E3300AC471D /* Project object */;
			proxyType = 1;
			remoteGlobalIDString = 8BA2E7412B1F8E3300AC471D;
			remoteInfo = SaintSantoGames;
		};
/* End PBXContainerItemProxy section */

/* Begin PBXFileReference section */
		8BA2E7422B1F8E3300AC471D /* SaintSantoGames.app */ = {isa = PBXFileReference; explicitFileType = wrapper.application; includeInIndex = 0; path = SaintSantoGames.app; sourceTree = BUILT_PRODUCTS_DIR; };
		8BA2E7452B1F8E3300AC471D /* AppDelegate.swift */ = {isa = PBXFileReference; lastKnownFileType = sourcecode.swift; path = AppDelegate.swift; sourceTree = "<group>"; };
		8BA2E7472B1F8E3300AC471D /* GameScene.sks */ = {isa = PBXFileReference; lastKnownFileType = file.sks; path = GameScene.sks; sourceTree = "<group>"; };
		8BA2E7492B1F8E3300AC471D /* Actions.sks */ = {isa = PBXFileReference; lastKnownFileType = file.sks; path = Actions.sks; sourceTree = "<group>"; };
		8BA2E74B2B1F8E3300AC471D /* GameScene.swift */ = {isa = PBXFileReference; lastKnownFileType = sourcecode.swift; path = GameScene.swift; sourceTree = "<group>"; };
		8BA2E74D2B1F8E3300AC471D /* GameViewController.swift */ = {isa = PBXFileReference; lastKnownFileType = sourcecode.swift; path = GameViewController.swift; sourceTree = "<group>"; };
		8BA2E7502B1F8E3300AC471D /* Base */ = {isa = PBXFileReference; lastKnownFileType = file.storyboard; name = Base; path = Base.lproj/Main.storyboard; sourceTree = "<group>"; };
		8BA2E7522B1F8E3400AC471D /* Assets.xcassets */ = {isa = PBXFileReference; lastKnownFileType = folder.assetcatalog; path = Assets.xcassets; sourceTree = "<group>"; };
		8BA2E7552B1F8E3400AC471D /* Base */ = {isa = PBXFileReference; lastKnownFileType = file.storyboard; name = Base; path = Base.lproj/LaunchScreen.storyboard; sourceTree = "<group>"; };
		8BA2E75B2B1F8E3400AC471D /* SaintSantoGamesTests.xctest */ = {isa = PBXFileReference; explicitFileType = wrapper.cfbundle; includeInIndex = 0; path = SaintSantoGamesTests.xctest; sourceTree = BUILT_PRODUCTS_DIR; };
		8BA2E75F2B1F8E3400AC471D /* SaintSantoGamesTests.swift */ = {isa = PBXFileReference; lastKnownFileType = sourcecode.swift; path = SaintSantoGamesTests.swift; sourceTree = "<group>"; };
		8BA2E7652B1F8E3400AC471D /* SaintSantoGamesUITests.xctest */ = {isa = PBXFileReference; explicitFileType = wrapper.cfbundle; includeInIndex = 0; path = SaintSantoGamesUITests.xctest; sourceTree = BUILT_PRODUCTS_DIR; };
		8BA2E7692B1F8E3400AC471D /* SaintSantoGamesUITests.swift */ = {isa = PBXFileReference; lastKnownFileType = sourcecode.swift; path = SaintSantoGamesUITests.swift; sourceTree = "<group>"; };
		8BA2E76B2B1F8E3400AC471D /* SaintSantoGamesUITestsLaunchTests.swift */ = {isa = PBXFileReference; lastKnownFileType = sourcecode.swift; path = SaintSantoGamesUITestsLaunchTests.swift; sourceTree = "<group>"; };
/* End PBXFileReference section */

/* Begin PBXFrameworksBuildPhase section */
		8BA2E73F2B1F8E3300AC471D /* Frameworks */ = {
			isa = PBXFrameworksBuildPhase;
			buildActionMask = 2147483647;
			files = (
			);
			runOnlyForDeploymentPostprocessing = 0;
		};
		8BA2E7582B1F8E3400AC471D /* Frameworks */ = {
			isa = PBXFrameworksBuildPhase;
			buildActionMask = 2147483647;
			files = (
			);
			runOnlyForDeploymentPostprocessing = 0;
		};
		8BA2E7622B1F8E3400AC471D /* Frameworks */ = {
			isa = PBXFrameworksBuildPhase;
			buildActionMask = 2147483647;
			files = (
			);
			runOnlyForDeploymentPostprocessing = 0;
		};
/* End PBXFrameworksBuildPhase section */

/* Begin PBXGroup section */
		8BA2E7392B1F8E3300AC471D = {
			isa = PBXGroup;
			children = (
				8BA2E7442B1F8E3300AC471D /* SaintSantoGames */,
				8BA2E75E2B1F8E3400AC471D /* SaintSantoGamesTests */,
				8BA2E7682B1F8E3400AC471D /* SaintSantoGamesUITests */,
				8BA2E7432B1F8E3300AC471D /* Products */,
			);
			sourceTree = "<group>";
		};
		8BA2E7432B1F8E3300AC471D /* Products */ = {
			isa = PBXGroup;
			children = (
				8BA2E7422B1F8E3300AC471D /* SaintSantoGames.app */,
				8BA2E75B2B1F8E3400AC471D /* SaintSantoGamesTests.xctest */,
				8BA2E7652B1F8E3400AC471D /* SaintSantoGamesUITests.xctest */,
			);
			name = Products;
			sourceTree = "<group>";
		};
		8BA2E7442B1F8E3300AC471D /* SaintSantoGames */ = {
			isa = PBXGroup;
			children = (
				8BA2E7452B1F8E3300AC471D /* AppDelegate.swift */,
				8BA2E7472B1F8E3300AC471D /* GameScene.sks */,
				8BA2E7492B1F8E3300AC471D /* Actions.sks */,
				8BA2E74B2B1F8E3300AC471D /* GameScene.swift */,
				8BA2E74D2B1F8E3300AC471D /* GameViewController.swift */,
				8BA2E74F2B1F8E3300AC471D /* Main.storyboard */,
				8BA2E7522B1F8E3400AC471D /* Assets.xcassets */,
				8BA2E7542B1F8E3400AC471D /* LaunchScreen.storyboard */,
			);
			path = SaintSantoGames;
			sourceTree = "<group>";
		};
		8BA2E75E2B1F8E3400AC471D /* SaintSantoGamesTests */ = {
			isa = PBXGroup;
			children = (
				8BA2E75F2B1F8E3400AC471D /* SaintSantoGamesTests.swift */,
			);
			path = SaintSantoGamesTests;
			sourceTree = "<group>";
		};
		8BA2E7682B1F8E3400AC471D /* SaintSantoGamesUITests */ = {
			isa = PBXGroup;
			children = (
				8BA2E7692B1F8E3400AC471D /* SaintSantoGamesUITests.swift */,
				8BA2E76B2B1F8E3400AC471D /* SaintSantoGamesUITestsLaunchTests.swift */,
			);
			path = SaintSantoGamesUITests;
			sourceTree = "<group>";
		};
/* End PBXGroup section */

/* Begin PBXNativeTarget section */
		8BA2E7412B1F8E3300AC471D /* SaintSantoGames */ = {
			isa = PBXNativeTarget;
			buildConfigurationList = 8BA2E76F2B1F8E3400AC471D /* Build configuration list for PBXNativeTarget "SaintSantoGames" */;
			buildPhases = (
				8BA2E73E2B1F8E3300AC471D /* Sources */,
				8BA2E73F2B1F8E3300AC471D /* Frameworks */,
				8BA2E7402B1F8E3300AC471D /* Resources */,
			);
			buildRules = (
			);
			dependencies = (
			);
			name = SaintSantoGames;
			productName = SaintSantoGames;
			productReference = 8BA2E7422B1F8E3300AC471D /* SaintSantoGames.app */;
			productType = "com.apple.product-type.application";
		};
		8BA2E75A2B1F8E3400AC471D /* SaintSantoGamesTests */ = {
			isa = PBXNativeTarget;
			buildConfigurationList = 8BA2E7722B1F8E3400AC471D /* Build configuration list for PBXNativeTarget "SaintSantoGamesTests" */;
			buildPhases = (
				8BA2E7572B1F8E3400AC471D /* Sources */,
				8BA2E7582B1F8E3400AC471D /* Frameworks */,
				8BA2E7592B1F8E3400AC471D /* Resources */,
			);
			buildRules = (
			);
			dependencies = (
				8BA2E75D2B1F8E3400AC471D /* PBXTargetDependency */,
			);
			name = SaintSantoGamesTests;
			productName = SaintSantoGamesTests;
			productReference = 8BA2E75B2B1F8E3400AC471D /* SaintSantoGamesTests.xctest */;
			productType = "com.apple.product-type.bundle.unit-test";
		};
		8BA2E7642B1F8E3400AC471D /* SaintSantoGamesUITests */ = {
			isa = PBXNativeTarget;
			buildConfigurationList = 8BA2E7752B1F8E3400AC471D /* Build configuration list for PBXNativeTarget "SaintSantoGamesUITests" */;
			buildPhases = (
				8BA2E7612B1F8E3400AC471D /* Sources */,
				8BA2E7622B1F8E3400AC471D /* Frameworks */,
				8BA2E7632B1F8E3400AC471D /* Resources */,
			);
			buildRules = (
			);
			dependencies = (
				8BA2E7672B1F8E3400AC471D /* PBXTargetDependency */,
			);
			name = SaintSantoGamesUITests;
			productName = SaintSantoGamesUITests;
			productReference = 8BA2E7652B1F8E3400AC471D /* SaintSantoGamesUITests.xctest */;
			productType = "com.apple.product-type.bundle.ui-testing";
		};
/* End PBXNativeTarget section */

/* Begin PBXProject section */
		8BA2E73A2B1F8E3300AC471D /* Project object */ = {
			isa = PBXProject;
			attributes = {
				BuildIndependentTargetsInParallel = 1;
				LastSwiftUpdateCheck = 1500;
				LastUpgradeCheck = 1500;
				TargetAttributes = {
					8BA2E7412B1F8E3300AC471D = {
						CreatedOnToolsVersion = 15.0;
					};
					8BA2E75A2B1F8E3400AC471D = {
						CreatedOnToolsVersion = 15.0;
						TestTargetID = 8BA2E7412B1F8E3300AC471D;
					};
					8BA2E7642B1F8E3400AC471D = {
						CreatedOnToolsVersion = 15.0;
						TestTargetID = 8BA2E7412B1F8E3300AC471D;
					};
				};
			};
			buildConfigurationList = 8BA2E73D2B1F8E3300AC471D /* Build configuration list for PBXProject "SaintSantoGames" */;
			compatibilityVersion = "Xcode 14.0";
			developmentRegion = en;
			hasScannedForEncodings = 0;
			knownRegions = (
				en,
				Base,
			);
			mainGroup = 8BA2E7392B1F8E3300AC471D;
			productRefGroup = 8BA2E7432B1F8E3300AC471D /* Products */;
			projectDirPath = "";
			projectRoot = "";
			targets = (
				8BA2E7412B1F8E3300AC471D /* SaintSantoGames */,
				8BA2E75A2B1F8E3400AC471D /* SaintSantoGamesTests */,
				8BA2E7642B1F8E3400AC471D /* SaintSantoGamesUITests */,
			);
		};
/* End PBXProject section */

/* Begin PBXResourcesBuildPhase section */
		8BA2E7402B1F8E3300AC471D /* Resources */ = {
			isa = PBXResourcesBuildPhase;
			buildActionMask = 2147483647;
			files = (
				8BA2E7512B1F8E3300AC471D /* Main.storyboard in Resources */,
				8BA2E7482B1F8E3300AC471D /* GameScene.sks in Resources */,
				8BA2E7532B1F8E3400AC471D /* Assets.xcassets in Resources */,
				8BA2E7562B1F8E3400AC471D /* LaunchScreen.storyboard in Resources */,
				8BA2E74A2B1F8E3300AC471D /* Actions.sks in Resources */,
			);
			runOnlyForDeploymentPostprocessing = 0;
		};
		8BA2E7592B1F8E3400AC471D /* Resources */ = {
			isa = PBXResourcesBuildPhase;
			buildActionMask = 2147483647;
			files = (
			);
			runOnlyForDeploymentPostprocessing = 0;
		};
		8BA2E7632B1F8E3400AC471D /* Resources */ = {
			isa = PBXResourcesBuildPhase;
			buildActionMask = 2147483647;
			files = (
			);
			runOnlyForDeploymentPostprocessing = 0;
		};
/* End PBXResourcesBuildPhase section */

/* Begin PBXSourcesBuildPhase section */
		8BA2E73E2B1F8E3300AC471D /* Sources */ = {
			isa = PBXSourcesBuildPhase;
			buildActionMask = 2147483647;
			files = (
				8BA2E74C2B1F8E3300AC471D /* GameScene.swift in Sources */,
				8BA2E74E2B1F8E3300AC471D /* GameViewController.swift in Sources */,
				8BA2E7462B1F8E3300AC471D /* AppDelegate.swift in Sources */,
			);
			runOnlyForDeploymentPostprocessing = 0;
		};
		8BA2E7572B1F8E3400AC471D /* Sources */ = {
			isa = PBXSourcesBuildPhase;
			buildActionMask = 2147483647;
			files = (
				8BA2E7602B1F8E3400AC471D /* SaintSantoGamesTests.swift in Sources */,
			);
			runOnlyForDeploymentPostprocessing = 0;
		};
		8BA2E7612B1F8E3400AC471D /* Sources */ = {
			isa = PBXSourcesBuildPhase;
			buildActionMask = 2147483647;
			files = (
				8BA2E76C2B1F8E3400AC471D /* SaintSantoGamesUITestsLaunchTests.swift in Sources */,
				8BA2E76A2B1F8E3400AC471D /* SaintSantoGamesUITests.swift in Sources */,
			);
			runOnlyForDeploymentPostprocessing = 0;
		};
/* End PBXSourcesBuildPhase section */

/* Begin PBXTargetDependency section */
		8BA2E75D2B1F8E3400AC471D /* PBXTargetDependency */ = {
			isa = PBXTargetDependency;
			target = 8BA2E7412B1F8E3300AC471D /* SaintSantoGames */;
			targetProxy = 8BA2E75C2B1F8E3400AC471D /* PBXContainerItemProxy */;
		};
		8BA2E7672B1F8E3400AC471D /* PBXTargetDependency */ = {
			isa = PBXTargetDependency;
			target = 8BA2E7412B1F8E3300AC471D /* SaintSantoGames */;
			targetProxy = 8BA2E7662B1F8E3400AC471D /* PBXContainerItemProxy */;
		};
/* End PBXTargetDependency section */

/* Begin PBXVariantGroup section */
		8BA2E74F2B1F8E3300AC471D /* Main.storyboard */ = {
			isa = PBXVariantGroup;
			children = (
				8BA2E7502B1F8E3300AC471D /* Base */,
			);
			name = Main.storyboard;
			sourceTree = "<group>";
		};
		8BA2E7542B1F8E3400AC471D /* LaunchScreen.storyboard */ = {
			isa = PBXVariantGroup;
			children = (
				8BA2E7552B1F8E3400AC471D /* Base */,
			);
			name = LaunchScreen.storyboard;
			sourceTree = "<group>";
		};
/* End PBXVariantGroup section */

/* Begin XCBuildConfiguration section */
		8BA2E76D2B1F8E3400AC471D /* Debug */ = {
			isa = XCBuildConfiguration;
			buildSettings = {
				ALWAYS_SEARCH_USER_PATHS = NO;
				ASSETCATALOG_COMPILER_GENERATE_SWIFT_ASSET_SYMBOL_EXTENSIONS = YES;
				CLANG_ANALYZER_NONNULL = YES;
				CLANG_ANALYZER_NUMBER_OBJECT_CONVERSION = YES_AGGRESSIVE;
				CLANG_CXX_LANGUAGE_STANDARD = "gnu++20";
				CLANG_ENABLE_MODULES = YES;
				CLANG_ENABLE_OBJC_ARC = YES;
				CLANG_ENABLE_OBJC_WEAK = YES;
				CLANG_WARN_BLOCK_CAPTURE_AUTORELEASING = YES;
				CLANG_WARN_BOOL_CONVERSION = YES;
				CLANG_WARN_COMMA = YES;
				CLANG_WARN_CONSTANT_CONVERSION = YES;
				CLANG_WARN_DEPRECATED_OBJC_IMPLEMENTATIONS = YES;
				CLANG_WARN_DIRECT_OBJC_ISA_USAGE = YES_ERROR;
				CLANG_WARN_DOCUMENTATION_COMMENTS = YES;
				CLANG_WARN_EMPTY_BODY = YES;
				CLANG_WARN_ENUM_CONVERSION = YES;
				CLANG_WARN_INFINITE_RECURSION = YES;
				CLANG_WARN_INT_CONVERSION = YES;
				CLANG_WARN_NON_LITERAL_NULL_CONVERSION = YES;
				CLANG_WARN_OBJC_IMPLICIT_RETAIN_SELF = YES;
				CLANG_WARN_OBJC_LITERAL_CONVERSION = YES;
				CLANG_WARN_OBJC_ROOT_CLASS = YES_ERROR;
				CLANG_WARN_QUOTED_INCLUDE_IN_FRAMEWORK_HEADER = YES;
				CLANG_WARN_RANGE_LOOP_ANALYSIS = YES;
				CLANG_WARN_STRICT_PROTOTYPES = YES;
				CLANG_WARN_SUSPICIOUS_MOVE = YES;
				CLANG_WARN_UNGUARDED_AVAILABILITY = YES_AGGRESSIVE;
				CLANG_WARN_UNREACHABLE_CODE = YES;
				CLANG_WARN__DUPLICATE_METHOD_MATCH = YES;
				COPY_PHASE_STRIP = NO;
				DEBUG_INFORMATION_FORMAT = dwarf;
				ENABLE_STRICT_OBJC_MSGSEND = YES;
				ENABLE_TESTABILITY = YES;
				ENABLE_USER_SCRIPT_SANDBOXING = YES;
				GCC_C_LANGUAGE_STANDARD = gnu17;
				GCC_DYNAMIC_NO_PIC = NO;
				GCC_NO_COMMON_BLOCKS = YES;
				GCC_OPTIMIZATION_LEVEL = 0;
				GCC_PREPROCESSOR_DEFINITIONS = (
					"DEBUG=1",
					"$(inherited)",
				);
				GCC_WARN_64_TO_32_BIT_CONVERSION = YES;
				GCC_WARN_ABOUT_RETURN_TYPE = YES_ERROR;
				GCC_WARN_UNDECLARED_SELECTOR = YES;
				GCC_WARN_UNINITIALIZED_AUTOS = YES_AGGRESSIVE;
				GCC_WARN_UNUSED_FUNCTION = YES;
				GCC_WARN_UNUSED_VARIABLE = YES;
				IPHONEOS_DEPLOYMENT_TARGET = 17.0;
				LOCALIZATION_PREFERS_STRING_CATALOGS = YES;
				MTL_ENABLE_DEBUG_INFO = INCLUDE_SOURCE;
				MTL_FAST_MATH = YES;
				ONLY_ACTIVE_ARCH = YES;
				SDKROOT = iphoneos;
				SWIFT_ACTIVE_COMPILATION_CONDITIONS = "DEBUG $(inherited)";
				SWIFT_OPTIMIZATION_LEVEL = "-Onone";
			};
			name = Debug;
		};
		8BA2E76E2B1F8E3400AC471D /* Release */ = {
			isa = XCBuildConfiguration;
			buildSettings = {
				ALWAYS_SEARCH_USER_PATHS = NO;
				ASSETCATALOG_COMPILER_GENERATE_SWIFT_ASSET_SYMBOL_EXTENSIONS = YES;
				CLANG_ANALYZER_NONNULL = YES;
				CLANG_ANALYZER_NUMBER_OBJECT_CONVERSION = YES_AGGRESSIVE;
				CLANG_CXX_LANGUAGE_STANDARD = "gnu++20";
				CLANG_ENABLE_MODULES = YES;
				CLANG_ENABLE_OBJC_ARC = YES;
				CLANG_ENABLE_OBJC_WEAK = YES;
				CLANG_WARN_BLOCK_CAPTURE_AUTORELEASING = YES;
				CLANG_WARN_BOOL_CONVERSION = YES;
				CLANG_WARN_COMMA = YES;
				CLANG_WARN_CONSTANT_CONVERSION = YES;
				CLANG_WARN_DEPRECATED_OBJC_IMPLEMENTATIONS = YES;
				CLANG_WARN_DIRECT_OBJC_ISA_USAGE = YES_ERROR;
				CLANG_WARN_DOCUMENTATION_COMMENTS = YES;
				CLANG_WARN_EMPTY_BODY = YES;
				CLANG_WARN_ENUM_CONVERSION = YES;
				CLANG_WARN_INFINITE_RECURSION = YES;
				CLANG_WARN_INT_CONVERSION = YES;
				CLANG_WARN_NON_LITERAL_NULL_CONVERSION = YES;
				CLANG_WARN_OBJC_IMPLICIT_RETAIN_SELF = YES;
				CLANG_WARN_OBJC_LITERAL_CONVERSION = YES;
				CLANG_WARN_OBJC_ROOT_CLASS = YES_ERROR;
				CLANG_WARN_QUOTED_INCLUDE_IN_FRAMEWORK_HEADER = YES;
				CLANG_WARN_RANGE_LOOP_ANALYSIS = YES;
				CLANG_WARN_STRICT_PROTOTYPES = YES;
				CLANG_WARN_SUSPICIOUS_MOVE = YES;
				CLANG_WARN_UNGUARDED_AVAILABILITY = YES_AGGRESSIVE;
				CLANG_WARN_UNREACHABLE_CODE = YES;
				CLANG_WARN__DUPLICATE_METHOD_MATCH = YES;
				COPY_PHASE_STRIP = NO;
				DEBUG_INFORMATION_FORMAT = "dwarf-with-dsym";
				ENABLE_NS_ASSERTIONS = NO;
				ENABLE_STRICT_OBJC_MSGSEND = YES;
				ENABLE_USER_SCRIPT_SANDBOXING = YES;
				GCC_C_LANGUAGE_STANDARD = gnu17;
				GCC_NO_COMMON_BLOCKS = YES;
				GCC_WARN_64_TO_32_BIT_CONVERSION = YES;
				GCC_WARN_ABOUT_RETURN_TYPE = YES_ERROR;
				GCC_WARN_UNDECLARED_SELECTOR = YES;
				GCC_WARN_UNINITIALIZED_AUTOS = YES_AGGRESSIVE;
				GCC_WARN_UNUSED_FUNCTION = YES;
				GCC_WARN_UNUSED_VARIABLE = YES;
				IPHONEOS_DEPLOYMENT_TARGET = 17.0;
				LOCALIZATION_PREFERS_STRING_CATALOGS = YES;
				MTL_ENABLE_DEBUG_INFO = NO;
				MTL_FAST_MATH = YES;
				SDKROOT = iphoneos;
				SWIFT_COMPILATION_MODE = wholemodule;
				VALIDATE_PRODUCT = YES;
			};
			name = Release;
		};
		8BA2E7702B1F8E3400AC471D /* Debug */ = {
			isa = XCBuildConfiguration;
			buildSettings = {
				ASSETCATALOG_COMPILER_APPICON_NAME = AppIcon;
				ASSETCATALOG_COMPILER_GLOBAL_ACCENT_COLOR_NAME = AccentColor;
				CODE_SIGN_STYLE = Automatic;
				CURRENT_PROJECT_VERSION = 1;
				DEVELOPMENT_TEAM = YH7UK78RLT;
				GENERATE_INFOPLIST_FILE = YES;
				INFOPLIST_KEY_UIApplicationSupportsIndirectInputEvents = YES;
				INFOPLIST_KEY_UILaunchStoryboardName = LaunchScreen;
				INFOPLIST_KEY_UIMainStoryboardFile = Main;
				INFOPLIST_KEY_UIStatusBarHidden = YES;
				INFOPLIST_KEY_UISupportedInterfaceOrientations_iPad = "UIInterfaceOrientationPortrait UIInterfaceOrientationPortraitUpsideDown UIInterfaceOrientationLandscapeLeft UIInterfaceOrientationLandscapeRight";
				INFOPLIST_KEY_UISupportedInterfaceOrientations_iPhone = "UIInterfaceOrientationPortrait UIInterfaceOrientationLandscapeLeft UIInterfaceOrientationLandscapeRight";
				LD_RUNPATH_SEARCH_PATHS = (
					"$(inherited)",
					"@executable_path/Frameworks",
				);
				MARKETING_VERSION = 1.0;
				PRODUCT_BUNDLE_IDENTIFIER = com.Michele.SaintSantoGames;
				PRODUCT_NAME = "$(TARGET_NAME)";
				SWIFT_EMIT_LOC_STRINGS = YES;
				SWIFT_VERSION = 5.0;
				TARGETED_DEVICE_FAMILY = "1,2";
			};
			name = Debug;
		};
		8BA2E7712B1F8E3400AC471D /* Release */ = {
			isa = XCBuildConfiguration;
			buildSettings = {
				ASSETCATALOG_COMPILER_APPICON_NAME = AppIcon;
				ASSETCATALOG_COMPILER_GLOBAL_ACCENT_COLOR_NAME = AccentColor;
				CODE_SIGN_STYLE = Automatic;
				CURRENT_PROJECT_VERSION = 1;
				DEVELOPMENT_TEAM = YH7UK78RLT;
				GENERATE_INFOPLIST_FILE = YES;
				INFOPLIST_KEY_UIApplicationSupportsIndirectInputEvents = YES;
				INFOPLIST_KEY_UILaunchStoryboardName = LaunchScreen;
				INFOPLIST_KEY_UIMainStoryboardFile = Main;
				INFOPLIST_KEY_UIStatusBarHidden = YES;
				INFOPLIST_KEY_UISupportedInterfaceOrientations_iPad = "UIInterfaceOrientationPortrait UIInterfaceOrientationPortraitUpsideDown UIInterfaceOrientationLandscapeLeft UIInterfaceOrientationLandscapeRight";
				INFOPLIST_KEY_UISupportedInterfaceOrientations_iPhone = "UIInterfaceOrientationPortrait UIInterfaceOrientationLandscapeLeft UIInterfaceOrientationLandscapeRight";
				LD_RUNPATH_SEARCH_PATHS = (
					"$(inherited)",
					"@executable_path/Frameworks",
				);
				MARKETING_VERSION = 1.0;
				PRODUCT_BUNDLE_IDENTIFIER = com.Michele.SaintSantoGames;
				PRODUCT_NAME = "$(TARGET_NAME)";
				SWIFT_EMIT_LOC_STRINGS = YES;
				SWIFT_VERSION = 5.0;
				TARGETED_DEVICE_FAMILY = "1,2";
			};
			name = Release;
		};
		8BA2E7732B1F8E3400AC471D /* Debug */ = {
			isa = XCBuildConfiguration;
			buildSettings = {
				ALWAYS_EMBED_SWIFT_STANDARD_LIBRARIES = YES;
				BUNDLE_LOADER = "$(TEST_HOST)";
				CODE_SIGN_STYLE = Automatic;
				CURRENT_PROJECT_VERSION = 1;
				DEVELOPMENT_TEAM = YH7UK78RLT;
				GENERATE_INFOPLIST_FILE = YES;
				IPHONEOS_DEPLOYMENT_TARGET = 17.0;
				MARKETING_VERSION = 1.0;
				PRODUCT_BUNDLE_IDENTIFIER = com.Michele.SaintSantoGamesTests;
				PRODUCT_NAME = "$(TARGET_NAME)";
				SWIFT_EMIT_LOC_STRINGS = NO;
				SWIFT_VERSION = 5.0;
				TARGETED_DEVICE_FAMILY = "1,2";
				TEST_HOST = "$(BUILT_PRODUCTS_DIR)/SaintSantoGames.app/$(BUNDLE_EXECUTABLE_FOLDER_PATH)/SaintSantoGames";
			};
			name = Debug;
		};
		8BA2E7742B1F8E3400AC471D /* Release */ = {
			isa = XCBuildConfiguration;
			buildSettings = {
				ALWAYS_EMBED_SWIFT_STANDARD_LIBRARIES = YES;
				BUNDLE_LOADER = "$(TEST_HOST)";
				CODE_SIGN_STYLE = Automatic;
				CURRENT_PROJECT_VERSION = 1;
				DEVELOPMENT_TEAM = YH7UK78RLT;
				GENERATE_INFOPLIST_FILE = YES;
				IPHONEOS_DEPLOYMENT_TARGET = 17.0;
				MARKETING_VERSION = 1.0;
				PRODUCT_BUNDLE_IDENTIFIER = com.Michele.SaintSantoGamesTests;
				PRODUCT_NAME = "$(TARGET_NAME)";
				SWIFT_EMIT_LOC_STRINGS = NO;
				SWIFT_VERSION = 5.0;
				TARGETED_DEVICE_FAMILY = "1,2";
				TEST_HOST = "$(BUILT_PRODUCTS_DIR)/SaintSantoGames.app/$(BUNDLE_EXECUTABLE_FOLDER_PATH)/SaintSantoGames";
			};
			name = Release;
		};
		8BA2E7762B1F8E3400AC471D /* Debug */ = {
			isa = XCBuildConfiguration;
			buildSettings = {
				ALWAYS_EMBED_SWIFT_STANDARD_LIBRARIES = YES;
				CODE_SIGN_STYLE = Automatic;
				CURRENT_PROJECT_VERSION = 1;
				DEVELOPMENT_TEAM = YH7UK78RLT;
				GENERATE_INFOPLIST_FILE = YES;
				MARKETING_VERSION = 1.0;
				PRODUCT_BUNDLE_IDENTIFIER = com.Michele.SaintSantoGamesUITests;
				PRODUCT_NAME = "$(TARGET_NAME)";
				SWIFT_EMIT_LOC_STRINGS = NO;
				SWIFT_VERSION = 5.0;
				TARGETED_DEVICE_FAMILY = "1,2";
				TEST_TARGET_NAME = SaintSantoGames;
			};
			name = Debug;
		};
		8BA2E7772B1F8E3400AC471D /* Release */ = {
			isa = XCBuildConfiguration;
			buildSettings = {
				ALWAYS_EMBED_SWIFT_STANDARD_LIBRARIES = YES;
				CODE_SIGN_STYLE = Automatic;
				CURRENT_PROJECT_VERSION = 1;
				DEVELOPMENT_TEAM = YH7UK78RLT;
				GENERATE_INFOPLIST_FILE = YES;
				MARKETING_VERSION = 1.0;
				PRODUCT_BUNDLE_IDENTIFIER = com.Michele.SaintSantoGamesUITests;
				PRODUCT_NAME = "$(TARGET_NAME)";
				SWIFT_EMIT_LOC_STRINGS = NO;
				SWIFT_VERSION = 5.0;
				TARGETED_DEVICE_FAMILY = "1,2";
				TEST_TARGET_NAME = SaintSantoGames;
			};
			name = Release;
		};
/* End XCBuildConfiguration section */

/* Begin XCConfigurationList section */
		8BA2E73D2B1F8E3300AC471D /* Build configuration list for PBXProject "SaintSantoGames" */ = {
			isa = XCConfigurationList;
			buildConfigurations = (
				8BA2E76D2B1F8E3400AC471D /* Debug */,
				8BA2E76E2B1F8E3400AC471D /* Release */,
			);
			defaultConfigurationIsVisible = 0;
			defaultConfigurationName = Release;
		};
		8BA2E76F2B1F8E3400AC471D /* Build configuration list for PBXNativeTarget "SaintSantoGames" */ = {
			isa = XCConfigurationList;
			buildConfigurations = (
				8BA2E7702B1F8E3400AC471D /* Debug */,
				8BA2E7712B1F8E3400AC471D /* Release */,
			);
			defaultConfigurationIsVisible = 0;
			defaultConfigurationName = Release;
		};
		8BA2E7722B1F8E3400AC471D /* Build configuration list for PBXNativeTarget "SaintSantoGamesTests" */ = {
			isa = XCConfigurationList;
			buildConfigurations = (
				8BA2E7732B1F8E3400AC471D /* Debug */,
				8BA2E7742B1F8E3400AC471D /* Release */,
			);
			defaultConfigurationIsVisible = 0;
			defaultConfigurationName = Release;
		};
		8BA2E7752B1F8E3400AC471D /* Build configuration list for PBXNativeTarget "SaintSantoGamesUITests" */ = {
			isa = XCConfigurationList;
			buildConfigurations = (
				8BA2E7762B1F8E3400AC471D /* Debug */,
				8BA2E7772B1F8E3400AC471D /* Release */,
			);
			defaultConfigurationIsVisible = 0;
			defaultConfigurationName = Release;
		};
/* End XCConfigurationList section */
	};
	rootObject = 8BA2E73A2B1F8E3300AC471D /* Project object */;
}
